
Microsoft Visual Studio Solution File, Format Version 12.00
# Visual Studio Version 17
VisualStudioVersion = 17.0.31903.59
MinimumVisualStudioVersion = 10.0.40219.1
Project("{FAE04EC0-301F-11D3-BF4B-00C04F79EFBC}") = "Ejercicio1", "Ejercicio1\Ejercicio1.csproj", "{03090833-8028-4E16-803A-06B4123C1B88}"
EndProject
Project("{FAE04EC0-301F-11D3-BF4B-00C04F79EFBC}") = "Ejercicio2", "Ejercicio2\Ejercicio2.csproj", "{E25D7BBB-6525-483A-9947-8F53745BE7AF}"
EndProject
Project("{FAE04EC0-301F-11D3-BF4B-00C04F79EFBC}") = "Ejercicio3", "Ejercicio3\Ejercicio3.csproj", "{FE09161B-E23F-46BF-9852-7B2A44201D7B}"
EndProject
Project("{FAE04EC0-301F-11D3-BF4B-00C04F79EFBC}") = "Ejercicio4", "Ejercicio4\Ejercicio4.csproj", "{6B8AC714-A1F0-475F-A35E-C72BB598D65E}"
EndProject
Project("{FAE04EC0-301F-11D3-BF4B-00C04F79EFBC}") = "Ejercicio5", "Ejercicio5\Ejercicio5.csproj", "{DA8BA501-299A-4DC9-B578-CB9E22270174}"
EndProject
Project("{FAE04EC0-301F-11D3-BF4B-00C04F79EFBC}") = "SEMANA 6 EJERCICIO 1", "SEMANA 6 EJERCICIO 1\SEMANA 6 EJERCICIO 1.csproj", "{C316971E-1C3E-4A73-B9F3-92FD09CCAAAF}"
EndProject
Project("{FAE04EC0-301F-11D3-BF4B-00C04F79EFBC}") = "SEMANA 6 EJERCICIO 2", "SEMANA 6 EJERCICIO 2\SEMANA 6 EJERCICIO 2.csproj", "{6D385006-C1DF-460F-A50D-6D0F25CAAA29}"
EndProject
Project("{FAE04EC0-301F-11D3-BF4B-00C04F79EFBC}") = "SEMANA10", "SEMANA10\SEMANA10.csproj", "{D1BE92FA-607F-4034-BC5D-62F2666AF4F8}"
EndProject
Project("{FAE04EC0-301F-11D3-BF4B-00C04F79EFBC}") = "Semana11", "Semana11\Semana11.csproj", "{BEAD97CE-4996-48E4-BD98-76534A9EBB04}"
EndProject
Project("{FAE04EC0-301F-11D3-BF4B-00C04F79EFBC}") = "SEMANA13FERJHO", "SEMANA13FERJHO\SEMANA13FERJHO.csproj", "{809C2A48-2EC1-40E6-A2A8-9B95E9440310}"
EndProject
Global
	GlobalSection(SolutionConfigurationPlatforms) = preSolution
		Debug|Any CPU = Debug|Any CPU
		Release|Any CPU = Release|Any CPU
	EndGlobalSection
	GlobalSection(SolutionProperties) = preSolution
		HideSolutionNode = FALSE
	EndGlobalSection
	GlobalSection(ProjectConfigurationPlatforms) = postSolution
		{03090833-8028-4E16-803A-06B4123C1B88}.Debug|Any CPU.ActiveCfg = Debug|Any CPU
		{03090833-8028-4E16-803A-06B4123C1B88}.Debug|Any CPU.Build.0 = Debug|Any CPU
		{03090833-8028-4E16-803A-06B4123C1B88}.Release|Any CPU.ActiveCfg = Release|Any CPU
		{03090833-8028-4E16-803A-06B4123C1B88}.Release|Any CPU.Build.0 = Release|Any CPU
		{E25D7BBB-6525-483A-9947-8F53745BE7AF}.Debug|Any CPU.ActiveCfg = Debug|Any CPU
		{E25D7BBB-6525-483A-9947-8F53745BE7AF}.Debug|Any CPU.Build.0 = Debug|Any CPU
		{E25D7BBB-6525-483A-9947-8F53745BE7AF}.Release|Any CPU.ActiveCfg = Release|Any CPU
		{E25D7BBB-6525-483A-9947-8F53745BE7AF}.Release|Any CPU.Build.0 = Release|Any CPU
		{FE09161B-E23F-46BF-9852-7B2A44201D7B}.Debug|Any CPU.ActiveCfg = Debug|Any CPU
		{FE09161B-E23F-46BF-9852-7B2A44201D7B}.Debug|Any CPU.Build.0 = Debug|Any CPU
		{FE09161B-E23F-46BF-9852-7B2A44201D7B}.Release|Any CPU.ActiveCfg = Release|Any CPU
		{FE09161B-E23F-46BF-9852-7B2A44201D7B}.Release|Any CPU.Build.0 = Release|Any CPU
		{6B8AC714-A1F0-475F-A35E-C72BB598D65E}.Debug|Any CPU.ActiveCfg = Debug|Any CPU
		{6B8AC714-A1F0-475F-A35E-C72BB598D65E}.Debug|Any CPU.Build.0 = Debug|Any CPU
		{6B8AC714-A1F0-475F-A35E-C72BB598D65E}.Release|Any CPU.ActiveCfg = Release|Any CPU
		{6B8AC714-A1F0-475F-A35E-C72BB598D65E}.Release|Any CPU.Build.0 = Release|Any CPU
		{DA8BA501-299A-4DC9-B578-CB9E22270174}.Debug|Any CPU.ActiveCfg = Debug|Any CPU
		{DA8BA501-299A-4DC9-B578-CB9E22270174}.Debug|Any CPU.Build.0 = Debug|Any CPU
		{DA8BA501-299A-4DC9-B578-CB9E22270174}.Release|Any CPU.ActiveCfg = Release|Any CPU
		{DA8BA501-299A-4DC9-B578-CB9E22270174}.Release|Any CPU.Build.0 = Release|Any CPU
		{C316971E-1C3E-4A73-B9F3-92FD09CCAAAF}.Debug|Any CPU.ActiveCfg = Debug|Any CPU
		{C316971E-1C3E-4A73-B9F3-92FD09CCAAAF}.Debug|Any CPU.Build.0 = Debug|Any CPU
		{C316971E-1C3E-4A73-B9F3-92FD09CCAAAF}.Release|Any CPU.ActiveCfg = Release|Any CPU
		{C316971E-1C3E-4A73-B9F3-92FD09CCAAAF}.Release|Any CPU.Build.0 = Release|Any CPU
		{6D385006-C1DF-460F-A50D-6D0F25CAAA29}.Debug|Any CPU.ActiveCfg = Debug|Any CPU
		{6D385006-C1DF-460F-A50D-6D0F25CAAA29}.Debug|Any CPU.Build.0 = Debug|Any CPU
		{6D385006-C1DF-460F-A50D-6D0F25CAAA29}.Release|Any CPU.ActiveCfg = Release|Any CPU
		{6D385006-C1DF-460F-A50D-6D0F25CAAA29}.Release|Any CPU.Build.0 = Release|Any CPU
		{D1BE92FA-607F-4034-BC5D-62F2666AF4F8}.Debug|Any CPU.ActiveCfg = Debug|Any CPU
		{D1BE92FA-607F-4034-BC5D-62F2666AF4F8}.Debug|Any CPU.Build.0 = Debug|Any CPU
		{D1BE92FA-607F-4034-BC5D-62F2666AF4F8}.Release|Any CPU.ActiveCfg = Release|Any CPU
		{D1BE92FA-607F-4034-BC5D-62F2666AF4F8}.Release|Any CPU.Build.0 = Release|Any CPU
		{BEAD97CE-4996-48E4-BD98-76534A9EBB04}.Debug|Any CPU.ActiveCfg = Debug|Any CPU
		{BEAD97CE-4996-48E4-BD98-76534A9EBB04}.Debug|Any CPU.Build.0 = Debug|Any CPU
		{BEAD97CE-4996-48E4-BD98-76534A9EBB04}.Release|Any CPU.ActiveCfg = Release|Any CPU
		{BEAD97CE-4996-48E4-BD98-76534A9EBB04}.Release|Any CPU.Build.0 = Release|Any CPU
		{809C2A48-2EC1-40E6-A2A8-9B95E9440310}.Debug|Any CPU.ActiveCfg = Debug|Any CPU
		{809C2A48-2EC1-40E6-A2A8-9B95E9440310}.Debug|Any CPU.Build.0 = Debug|Any CPU
		{809C2A48-2EC1-40E6-A2A8-9B95E9440310}.Release|Any CPU.ActiveCfg = Release|Any CPU
		{809C2A48-2EC1-40E6-A2A8-9B95E9440310}.Release|Any CPU.Build.0 = Release|Any CPU
	EndGlobalSection
EndGlobal
